// !$*UTF8*$!
{
	archiveVersion = 1;
	classes = {
	};
	objectVersion = 46;
	objects = {

/* Begin PBXBuildFile section */
		CC2242521D0E41CC007D5831 /* AppDelegate.swift in Sources */ = {isa = PBXBuildFile; fileRef = CC2242511D0E41CC007D5831 /* AppDelegate.swift */; };
		CC2242541D0E41CC007D5831 /* ItemStoreListTableViewController.swift in Sources */ = {isa = PBXBuildFile; fileRef = CC2242531D0E41CC007D5831 /* ItemStoreListTableViewController.swift */; };
		CC2242571D0E41CC007D5831 /* Main.storyboard in Resources */ = {isa = PBXBuildFile; fileRef = CC2242551D0E41CC007D5831 /* Main.storyboard */; };
		CC22425A1D0E41CC007D5831 /* ItemStoreChallenge.xcdatamodeld in Sources */ = {isa = PBXBuildFile; fileRef = CC2242581D0E41CC007D5831 /* ItemStoreChallenge.xcdatamodeld */; };
		CC22425C1D0E41CC007D5831 /* Assets.xcassets in Resources */ = {isa = PBXBuildFile; fileRef = CC22425B1D0E41CC007D5831 /* Assets.xcassets */; };
		CC22425F1D0E41CC007D5831 /* LaunchScreen.storyboard in Resources */ = {isa = PBXBuildFile; fileRef = CC22425D1D0E41CC007D5831 /* LaunchScreen.storyboard */; };
		CC22426A1D0E41CC007D5831 /* ItemStoreChallengeTests.swift in Sources */ = {isa = PBXBuildFile; fileRef = CC2242691D0E41CC007D5831 /* ItemStoreChallengeTests.swift */; };
		CC2242751D0E43AA007D5831 /* ItemStoreTask.framework in Frameworks */ = {isa = PBXBuildFile; fileRef = CC2242741D0E43AA007D5831 /* ItemStoreTask.framework */; };
		CC2242761D0E43AA007D5831 /* ItemStoreTask.framework in Embed Frameworks */ = {isa = PBXBuildFile; fileRef = CC2242741D0E43AA007D5831 /* ItemStoreTask.framework */; settings = {ATTRIBUTES = (CodeSignOnCopy, RemoveHeadersOnCopy, ); }; };
		CC22427C1D0E5CB8007D5831 /* ItemStoreDetailViewController.swift in Sources */ = {isa = PBXBuildFile; fileRef = CC22427B1D0E5CB8007D5831 /* ItemStoreDetailViewController.swift */; };
		CC22427E1D0E9372007D5831 /* ItemStoreCreateItemViewController.swift in Sources */ = {isa = PBXBuildFile; fileRef = CC22427D1D0E9372007D5831 /* ItemStoreCreateItemViewController.swift */; };
		CC22427F1D0EB035007D5831 /* Assets.xcassets in Resources */ = {isa = PBXBuildFile; fileRef = CC22425B1D0E41CC007D5831 /* Assets.xcassets */; };
		CC2242801D0EB07C007D5831 /* ItemStoreTask.framework in Frameworks */ = {isa = PBXBuildFile; fileRef = CC2242741D0E43AA007D5831 /* ItemStoreTask.framework */; };
		CC2242821D0EBDAB007D5831 /* UIImage+Resizing.swift in Sources */ = {isa = PBXBuildFile; fileRef = CC2242811D0EBDAB007D5831 /* UIImage+Resizing.swift */; };
		CCA4BEC61D124D2500905883 /* BatchHalfsizingManager.swift in Sources */ = {isa = PBXBuildFile; fileRef = CCA4BEC51D124D2500905883 /* BatchHalfsizingManager.swift */; };
		CCA4BEC81D124EF700905883 /* ItemsFetcher.swift in Sources */ = {isa = PBXBuildFile; fileRef = CCA4BEC71D124EF700905883 /* ItemsFetcher.swift */; };
/* End PBXBuildFile section */

/* Begin PBXContainerItemProxy section */
		CC2242661D0E41CC007D5831 /* PBXContainerItemProxy */ = {
			isa = PBXContainerItemProxy;
			containerPortal = CC2242461D0E41CC007D5831 /* Project object */;
			proxyType = 1;
			remoteGlobalIDString = CC22424D1D0E41CC007D5831;
			remoteInfo = ItemStoreChallenge;
		};
/* End PBXContainerItemProxy section */

/* Begin PBXCopyFilesBuildPhase section */
		CC2242771D0E43AA007D5831 /* Embed Frameworks */ = {
			isa = PBXCopyFilesBuildPhase;
			buildActionMask = 2147483647;
			dstPath = "";
			dstSubfolderSpec = 10;
			files = (
				CC2242761D0E43AA007D5831 /* ItemStoreTask.framework in Embed Frameworks */,
			);
			name = "Embed Frameworks";
			runOnlyForDeploymentPostprocessing = 0;
		};
/* End PBXCopyFilesBuildPhase section */

/* Begin PBXFileReference section */
		CC22424E1D0E41CC007D5831 /* ItemStoreChallenge.app */ = {isa = PBXFileReference; explicitFileType = wrapper.application; includeInIndex = 0; path = ItemStoreChallenge.app; sourceTree = BUILT_PRODUCTS_DIR; };
		CC2242511D0E41CC007D5831 /* AppDelegate.swift */ = {isa = PBXFileReference; lastKnownFileType = sourcecode.swift; path = AppDelegate.swift; sourceTree = "<group>"; };
		CC2242531D0E41CC007D5831 /* ItemStoreListTableViewController.swift */ = {isa = PBXFileReference; lastKnownFileType = sourcecode.swift; path = ItemStoreListTableViewController.swift; sourceTree = "<group>"; };
		CC2242561D0E41CC007D5831 /* Base */ = {isa = PBXFileReference; lastKnownFileType = file.storyboard; name = Base; path = Base.lproj/Main.storyboard; sourceTree = "<group>"; };
		CC2242591D0E41CC007D5831 /* ItemStoreChallenge.xcdatamodel */ = {isa = PBXFileReference; lastKnownFileType = wrapper.xcdatamodel; path = ItemStoreChallenge.xcdatamodel; sourceTree = "<group>"; };
		CC22425B1D0E41CC007D5831 /* Assets.xcassets */ = {isa = PBXFileReference; lastKnownFileType = folder.assetcatalog; path = Assets.xcassets; sourceTree = "<group>"; };
		CC22425E1D0E41CC007D5831 /* Base */ = {isa = PBXFileReference; lastKnownFileType = file.storyboard; name = Base; path = Base.lproj/LaunchScreen.storyboard; sourceTree = "<group>"; };
		CC2242601D0E41CC007D5831 /* Info.plist */ = {isa = PBXFileReference; lastKnownFileType = text.plist.xml; path = Info.plist; sourceTree = "<group>"; };
		CC2242651D0E41CC007D5831 /* ItemStoreChallengeTests.xctest */ = {isa = PBXFileReference; explicitFileType = wrapper.cfbundle; includeInIndex = 0; path = ItemStoreChallengeTests.xctest; sourceTree = BUILT_PRODUCTS_DIR; };
		CC2242691D0E41CC007D5831 /* ItemStoreChallengeTests.swift */ = {isa = PBXFileReference; lastKnownFileType = sourcecode.swift; path = ItemStoreChallengeTests.swift; sourceTree = "<group>"; };
		CC22426B1D0E41CC007D5831 /* Info.plist */ = {isa = PBXFileReference; lastKnownFileType = text.plist.xml; path = Info.plist; sourceTree = "<group>"; };
		CC2242741D0E43AA007D5831 /* ItemStoreTask.framework */ = {isa = PBXFileReference; lastKnownFileType = wrapper.framework; path = ItemStoreTask.framework; sourceTree = "<group>"; };
		CC2242781D0E43D3007D5831 /* ItemStoreChallenge-Bridging-Header.h */ = {isa = PBXFileReference; lastKnownFileType = sourcecode.c.h; path = "ItemStoreChallenge-Bridging-Header.h"; sourceTree = "<group>"; };
		CC22427B1D0E5CB8007D5831 /* ItemStoreDetailViewController.swift */ = {isa = PBXFileReference; fileEncoding = 4; lastKnownFileType = sourcecode.swift; path = ItemStoreDetailViewController.swift; sourceTree = "<group>"; };
		CC22427D1D0E9372007D5831 /* ItemStoreCreateItemViewController.swift */ = {isa = PBXFileReference; fileEncoding = 4; lastKnownFileType = sourcecode.swift; path = ItemStoreCreateItemViewController.swift; sourceTree = "<group>"; };
		CC2242811D0EBDAB007D5831 /* UIImage+Resizing.swift */ = {isa = PBXFileReference; fileEncoding = 4; lastKnownFileType = sourcecode.swift; path = "UIImage+Resizing.swift"; sourceTree = "<group>"; };
		CCA4BEC51D124D2500905883 /* BatchHalfsizingManager.swift */ = {isa = PBXFileReference; fileEncoding = 4; lastKnownFileType = sourcecode.swift; path = BatchHalfsizingManager.swift; sourceTree = "<group>"; };
		CCA4BEC71D124EF700905883 /* ItemsFetcher.swift */ = {isa = PBXFileReference; fileEncoding = 4; lastKnownFileType = sourcecode.swift; path = ItemsFetcher.swift; sourceTree = "<group>"; };
/* End PBXFileReference section */

/* Begin PBXFrameworksBuildPhase section */
		CC22424B1D0E41CC007D5831 /* Frameworks */ = {
			isa = PBXFrameworksBuildPhase;
			buildActionMask = 2147483647;
			files = (
				CC2242751D0E43AA007D5831 /* ItemStoreTask.framework in Frameworks */,
			);
			runOnlyForDeploymentPostprocessing = 0;
		};
		CC2242621D0E41CC007D5831 /* Frameworks */ = {
			isa = PBXFrameworksBuildPhase;
			buildActionMask = 2147483647;
			files = (
				CC2242801D0EB07C007D5831 /* ItemStoreTask.framework in Frameworks */,
			);
			runOnlyForDeploymentPostprocessing = 0;
		};
/* End PBXFrameworksBuildPhase section */

/* Begin PBXGroup section */
		CC2242451D0E41CC007D5831 = {
			isa = PBXGroup;
			children = (
				CC2242741D0E43AA007D5831 /* ItemStoreTask.framework */,
				CC2242501D0E41CC007D5831 /* ItemStoreChallenge */,
				CC2242681D0E41CC007D5831 /* ItemStoreChallengeTests */,
				CC22424F1D0E41CC007D5831 /* Products */,
				CC2242781D0E43D3007D5831 /* ItemStoreChallenge-Bridging-Header.h */,
			);
			sourceTree = "<group>";
		};
		CC22424F1D0E41CC007D5831 /* Products */ = {
			isa = PBXGroup;
			children = (
				CC22424E1D0E41CC007D5831 /* ItemStoreChallenge.app */,
				CC2242651D0E41CC007D5831 /* ItemStoreChallengeTests.xctest */,
			);
			name = Products;
			sourceTree = "<group>";
		};
		CC2242501D0E41CC007D5831 /* ItemStoreChallenge */ = {
			isa = PBXGroup;
			children = (
				CC2242511D0E41CC007D5831 /* AppDelegate.swift */,
				CC2242531D0E41CC007D5831 /* ItemStoreListTableViewController.swift */,
				CC2242551D0E41CC007D5831 /* Main.storyboard */,
				CC22425B1D0E41CC007D5831 /* Assets.xcassets */,
				CC22425D1D0E41CC007D5831 /* LaunchScreen.storyboard */,
				CC2242601D0E41CC007D5831 /* Info.plist */,
				CC2242581D0E41CC007D5831 /* ItemStoreChallenge.xcdatamodeld */,
				CC22427B1D0E5CB8007D5831 /* ItemStoreDetailViewController.swift */,
				CC22427D1D0E9372007D5831 /* ItemStoreCreateItemViewController.swift */,
				CC2242811D0EBDAB007D5831 /* UIImage+Resizing.swift */,
				CCA4BEC51D124D2500905883 /* BatchHalfsizingManager.swift */,
				CCA4BEC71D124EF700905883 /* ItemsFetcher.swift */,
			);
			path = ItemStoreChallenge;
			sourceTree = "<group>";
		};
		CC2242681D0E41CC007D5831 /* ItemStoreChallengeTests */ = {
			isa = PBXGroup;
			children = (
				CC2242691D0E41CC007D5831 /* ItemStoreChallengeTests.swift */,
				CC22426B1D0E41CC007D5831 /* Info.plist */,
			);
			path = ItemStoreChallengeTests;
			sourceTree = "<group>";
		};
/* End PBXGroup section */

/* Begin PBXNativeTarget section */
		CC22424D1D0E41CC007D5831 /* ItemStoreChallenge */ = {
			isa = PBXNativeTarget;
			buildConfigurationList = CC22426E1D0E41CC007D5831 /* Build configuration list for PBXNativeTarget "ItemStoreChallenge" */;
			buildPhases = (
				CC22424A1D0E41CC007D5831 /* Sources */,
				CC22424B1D0E41CC007D5831 /* Frameworks */,
				CC22424C1D0E41CC007D5831 /* Resources */,
				CC2242771D0E43AA007D5831 /* Embed Frameworks */,
			);
			buildRules = (
			);
			dependencies = (
			);
			name = ItemStoreChallenge;
			productName = ItemStoreChallenge;
			productReference = CC22424E1D0E41CC007D5831 /* ItemStoreChallenge.app */;
			productType = "com.apple.product-type.application";
		};
		CC2242641D0E41CC007D5831 /* ItemStoreChallengeTests */ = {
			isa = PBXNativeTarget;
			buildConfigurationList = CC2242711D0E41CC007D5831 /* Build configuration list for PBXNativeTarget "ItemStoreChallengeTests" */;
			buildPhases = (
				CC2242611D0E41CC007D5831 /* Sources */,
				CC2242621D0E41CC007D5831 /* Frameworks */,
				CC2242631D0E41CC007D5831 /* Resources */,
			);
			buildRules = (
			);
			dependencies = (
				CC2242671D0E41CC007D5831 /* PBXTargetDependency */,
			);
			name = ItemStoreChallengeTests;
			productName = ItemStoreChallengeTests;
			productReference = CC2242651D0E41CC007D5831 /* ItemStoreChallengeTests.xctest */;
			productType = "com.apple.product-type.bundle.unit-test";
		};
/* End PBXNativeTarget section */

/* Begin PBXProject section */
		CC2242461D0E41CC007D5831 /* Project object */ = {
			isa = PBXProject;
			attributes = {
				LastSwiftUpdateCheck = 0730;
				LastUpgradeCheck = 0730;
				ORGANIZATIONNAME = KitchenSpoon;
				TargetAttributes = {
					CC22424D1D0E41CC007D5831 = {
						CreatedOnToolsVersion = 7.3;
					};
					CC2242641D0E41CC007D5831 = {
						CreatedOnToolsVersion = 7.3;
						TestTargetID = CC22424D1D0E41CC007D5831;
					};
				};
			};
			buildConfigurationList = CC2242491D0E41CC007D5831 /* Build configuration list for PBXProject "ItemStoreChallenge" */;
			compatibilityVersion = "Xcode 3.2";
			developmentRegion = English;
			hasScannedForEncodings = 0;
			knownRegions = (
				en,
				Base,
			);
			mainGroup = CC2242451D0E41CC007D5831;
			productRefGroup = CC22424F1D0E41CC007D5831 /* Products */;
			projectDirPath = "";
			projectRoot = "";
			targets = (
				CC22424D1D0E41CC007D5831 /* ItemStoreChallenge */,
				CC2242641D0E41CC007D5831 /* ItemStoreChallengeTests */,
			);
		};
/* End PBXProject section */

/* Begin PBXResourcesBuildPhase section */
		CC22424C1D0E41CC007D5831 /* Resources */ = {
			isa = PBXResourcesBuildPhase;
			buildActionMask = 2147483647;
			files = (
				CC22425F1D0E41CC007D5831 /* LaunchScreen.storyboard in Resources */,
				CC22425C1D0E41CC007D5831 /* Assets.xcassets in Resources */,
				CC2242571D0E41CC007D5831 /* Main.storyboard in Resources */,
			);
			runOnlyForDeploymentPostprocessing = 0;
		};
		CC2242631D0E41CC007D5831 /* Resources */ = {
			isa = PBXResourcesBuildPhase;
			buildActionMask = 2147483647;
			files = (
				CC22427F1D0EB035007D5831 /* Assets.xcassets in Resources */,
			);
			runOnlyForDeploymentPostprocessing = 0;
		};
/* End PBXResourcesBuildPhase section */

/* Begin PBXSourcesBuildPhase section */
		CC22424A1D0E41CC007D5831 /* Sources */ = {
			isa = PBXSourcesBuildPhase;
			buildActionMask = 2147483647;
			files = (
				CCA4BEC81D124EF700905883 /* ItemsFetcher.swift in Sources */,
				CCA4BEC61D124D2500905883 /* BatchHalfsizingManager.swift in Sources */,
				CC2242821D0EBDAB007D5831 /* UIImage+Resizing.swift in Sources */,
				CC22427E1D0E9372007D5831 /* ItemStoreCreateItemViewController.swift in Sources */,
				CC22427C1D0E5CB8007D5831 /* ItemStoreDetailViewController.swift in Sources */,
				CC22425A1D0E41CC007D5831 /* ItemStoreChallenge.xcdatamodeld in Sources */,
				CC2242541D0E41CC007D5831 /* ItemStoreListTableViewController.swift in Sources */,
				CC2242521D0E41CC007D5831 /* AppDelegate.swift in Sources */,
			);
			runOnlyForDeploymentPostprocessing = 0;
		};
		CC2242611D0E41CC007D5831 /* Sources */ = {
			isa = PBXSourcesBuildPhase;
			buildActionMask = 2147483647;
			files = (
				CC22426A1D0E41CC007D5831 /* ItemStoreChallengeTests.swift in Sources */,
			);
			runOnlyForDeploymentPostprocessing = 0;
		};
/* End PBXSourcesBuildPhase section */

/* Begin PBXTargetDependency section */
		CC2242671D0E41CC007D5831 /* PBXTargetDependency */ = {
			isa = PBXTargetDependency;
			target = CC22424D1D0E41CC007D5831 /* ItemStoreChallenge */;
			targetProxy = CC2242661D0E41CC007D5831 /* PBXContainerItemProxy */;
		};
/* End PBXTargetDependency section */

/* Begin PBXVariantGroup section */
		CC2242551D0E41CC007D5831 /* Main.storyboard */ = {
			isa = PBXVariantGroup;
			children = (
				CC2242561D0E41CC007D5831 /* Base */,
			);
			name = Main.storyboard;
			sourceTree = "<group>";
		};
		CC22425D1D0E41CC007D5831 /* LaunchScreen.storyboard */ = {
			isa = PBXVariantGroup;
			children = (
				CC22425E1D0E41CC007D5831 /* Base */,
			);
			name = LaunchScreen.storyboard;
			sourceTree = "<group>";
		};
/* End PBXVariantGroup section */

/* Begin XCBuildConfiguration section */
		CC22426C1D0E41CC007D5831 /* Debug */ = {
			isa = XCBuildConfiguration;
			buildSettings = {
				ALWAYS_SEARCH_USER_PATHS = NO;
				CLANG_ANALYZER_NONNULL = YES;
				CLANG_CXX_LANGUAGE_STANDARD = "gnu++0x";
				CLANG_CXX_LIBRARY = "libc++";
				CLANG_ENABLE_MODULES = YES;
				CLANG_ENABLE_OBJC_ARC = YES;
				CLANG_WARN_BOOL_CONVERSION = YES;
				CLANG_WARN_CONSTANT_CONVERSION = YES;
				CLANG_WARN_DIRECT_OBJC_ISA_USAGE = YES_ERROR;
				CLANG_WARN_EMPTY_BODY = YES;
				CLANG_WARN_ENUM_CONVERSION = YES;
				CLANG_WARN_INT_CONVERSION = YES;
				CLANG_WARN_OBJC_ROOT_CLASS = YES_ERROR;
				CLANG_WARN_UNREACHABLE_CODE = YES;
				CLANG_WARN__DUPLICATE_METHOD_MATCH = YES;
				"CODE_SIGN_IDENTITY[sdk=iphoneos*]" = "iPhone Developer";
				COPY_PHASE_STRIP = NO;
				DEBUG_INFORMATION_FORMAT = dwarf;
				ENABLE_STRICT_OBJC_MSGSEND = YES;
				ENABLE_TESTABILITY = YES;
				GCC_C_LANGUAGE_STANDARD = gnu99;
				GCC_DYNAMIC_NO_PIC = NO;
				GCC_NO_COMMON_BLOCKS = YES;
				GCC_OPTIMIZATION_LEVEL = 0;
				GCC_PREPROCESSOR_DEFINITIONS = (
					"DEBUG=1",
					"$(inherited)",
				);
				GCC_WARN_64_TO_32_BIT_CONVERSION = YES;
				GCC_WARN_ABOUT_RETURN_TYPE = YES_ERROR;
				GCC_WARN_UNDECLARED_SELECTOR = YES;
				GCC_WARN_UNINITIALIZED_AUTOS = YES_AGGRESSIVE;
				GCC_WARN_UNUSED_FUNCTION = YES;
				GCC_WARN_UNUSED_VARIABLE = YES;
				IPHONEOS_DEPLOYMENT_TARGET = 9.3;
				MTL_ENABLE_DEBUG_INFO = YES;
				ONLY_ACTIVE_ARCH = YES;
				SDKROOT = iphoneos;
				SWIFT_OPTIMIZATION_LEVEL = "-Onone";
				TARGETED_DEVICE_FAMILY = "1,2";
			};
			name = Debug;
		};
		CC22426D1D0E41CC007D5831 /* Release */ = {
			isa = XCBuildConfiguration;
			buildSettings = {
				ALWAYS_SEARCH_USER_PATHS = NO;
				CLANG_ANALYZER_NONNULL = YES;
				CLANG_CXX_LANGUAGE_STANDARD = "gnu++0x";
				CLANG_CXX_LIBRARY = "libc++";
				CLANG_ENABLE_MODULES = YES;
				CLANG_ENABLE_OBJC_ARC = YES;
				CLANG_WARN_BOOL_CONVERSION = YES;
				CLANG_WARN_CONSTANT_CONVERSION = YES;
				CLANG_WARN_DIRECT_OBJC_ISA_USAGE = YES_ERROR;
				CLANG_WARN_EMPTY_BODY = YES;
				CLANG_WARN_ENUM_CONVERSION = YES;
				CLANG_WARN_INT_CONVERSION = YES;
				CLANG_WARN_OBJC_ROOT_CLASS = YES_ERROR;
				CLANG_WARN_UNREACHABLE_CODE = YES;
				CLANG_WARN__DUPLICATE_METHOD_MATCH = YES;
				"CODE_SIGN_IDENTITY[sdk=iphoneos*]" = "iPhone Developer";
				COPY_PHASE_STRIP = NO;
				DEBUG_INFORMATION_FORMAT = "dwarf-with-dsym";
				ENABLE_NS_ASSERTIONS = NO;
				ENABLE_STRICT_OBJC_MSGSEND = YES;
				GCC_C_LANGUAGE_STANDARD = gnu99;
				GCC_NO_COMMON_BLOCKS = YES;
				GCC_WARN_64_TO_32_BIT_CONVERSION = YES;
				GCC_WARN_ABOUT_RETURN_TYPE = YES_ERROR;
				GCC_WARN_UNDECLARED_SELECTOR = YES;
				GCC_WARN_UNINITIALIZED_AUTOS = YES_AGGRESSIVE;
				GCC_WARN_UNUSED_FUNCTION = YES;
				GCC_WARN_UNUSED_VARIABLE = YES;
				IPHONEOS_DEPLOYMENT_TARGET = 9.3;
				MTL_ENABLE_DEBUG_INFO = NO;
				SDKROOT = iphoneos;
				TARGETED_DEVICE_FAMILY = "1,2";
				VALIDATE_PRODUCT = YES;
			};
			name = Release;
		};
		CC22426F1D0E41CC007D5831 /* Debug */ = {
			isa = XCBuildConfiguration;
			buildSettings = {
				ASSETCATALOG_COMPILER_APPICON_NAME = AppIcon;
				CLANG_ENABLE_MODULES = YES;
				FRAMEWORK_SEARCH_PATHS = (
					"$(inherited)",
					"$(PROJECT_DIR)",
				);
				INFOPLIST_FILE = ItemStoreChallenge/Info.plist;
				LD_RUNPATH_SEARCH_PATHS = "$(inherited) @executable_path/Frameworks";
				PRODUCT_BUNDLE_IDENTIFIER = com.kitchenspoon.ItemStoreChallenge;
				PRODUCT_NAME = "$(TARGET_NAME)";
				SWIFT_OBJC_BRIDGING_HEADER = "ItemStoreChallenge-Bridging-Header.h";
				SWIFT_OPTIMIZATION_LEVEL = "-Onone";
			};
			name = Debug;
		};
		CC2242701D0E41CC007D5831 /* Release */ = {
			isa = XCBuildConfiguration;
			buildSettings = {
				ASSETCATALOG_COMPILER_APPICON_NAME = AppIcon;
				CLANG_ENABLE_MODULES = YES;
				FRAMEWORK_SEARCH_PATHS = (
					"$(inherited)",
					"$(PROJECT_DIR)",
				);
				INFOPLIST_FILE = ItemStoreChallenge/Info.plist;
				LD_RUNPATH_SEARCH_PATHS = "$(inherited) @executable_path/Frameworks";
				PRODUCT_BUNDLE_IDENTIFIER = com.kitchenspoon.ItemStoreChallenge;
				PRODUCT_NAME = "$(TARGET_NAME)";
				SWIFT_OBJC_BRIDGING_HEADER = "ItemStoreChallenge-Bridging-Header.h";
			};
			name = Release;
		};
		CC2242721D0E41CC007D5831 /* Debug */ = {
			isa = XCBuildConfiguration;
			buildSettings = {
				BUNDLE_LOADER = "$(TEST_HOST)";
				FRAMEWORK_SEARCH_PATHS = (
					"$(inherited)",
					"$(PROJECT_DIR)",
				);
				INFOPLIST_FILE = ItemStoreChallengeTests/Info.plist;
				LD_RUNPATH_SEARCH_PATHS = "$(inherited) @executable_path/Frameworks @loader_path/Frameworks";
				PRODUCT_BUNDLE_IDENTIFIER = com.kitchenspoon.ItemStoreChallengeTests;
				PRODUCT_NAME = "$(TARGET_NAME)";
				TEST_HOST = "$(BUILT_PRODUCTS_DIR)/ItemStoreChallenge.app/ItemStoreChallenge";
			};
			name = Debug;
		};
		CC2242731D0E41CC007D5831 /* Release */ = {
			isa = XCBuildConfiguration;
			buildSettings = {
				BUNDLE_LOADER = "$(TEST_HOST)";
				FRAMEWORK_SEARCH_PATHS = (
					"$(inherited)",
					"$(PROJECT_DIR)",
				);
				INFOPLIST_FILE = ItemStoreChallengeTests/Info.plist;
				LD_RUNPATH_SEARCH_PATHS = "$(inherited) @executable_path/Frameworks @loader_path/Frameworks";
				PRODUCT_BUNDLE_IDENTIFIER = com.kitchenspoon.ItemStoreChallengeTests;
				PRODUCT_NAME = "$(TARGET_NAME)";
				TEST_HOST = "$(BUILT_PRODUCTS_DIR)/ItemStoreChallenge.app/ItemStoreChallenge";
			};
			name = Release;
		};
/* End XCBuildConfiguration section */

/* Begin XCConfigurationList section */
		CC2242491D0E41CC007D5831 /* Build configuration list for PBXProject "ItemStoreChallenge" */ = {
			isa = XCConfigurationList;
			buildConfigurations = (
				CC22426C1D0E41CC007D5831 /* Debug */,
				CC22426D1D0E41CC007D5831 /* Release */,
			);
			defaultConfigurationIsVisible = 0;
			defaultConfigurationName = Release;
		};
		CC22426E1D0E41CC007D5831 /* Build configuration list for PBXNativeTarget "ItemStoreChallenge" */ = {
			isa = XCConfigurationList;
			buildConfigurations = (
				CC22426F1D0E41CC007D5831 /* Debug */,
				CC2242701D0E41CC007D5831 /* Release */,
			);
			defaultConfigurationIsVisible = 0;
			defaultConfigurationName = Release;
		};
		CC2242711D0E41CC007D5831 /* Build configuration list for PBXNativeTarget "ItemStoreChallengeTests" */ = {
			isa = XCConfigurationList;
			buildConfigurations = (
				CC2242721D0E41CC007D5831 /* Debug */,
				CC2242731D0E41CC007D5831 /* Release */,
			);
			defaultConfigurationIsVisible = 0;
			defaultConfigurationName = Release;
		};
/* End XCConfigurationList section */

/* Begin XCVersionGroup section */
		CC2242581D0E41CC007D5831 /* ItemStoreChallenge.xcdatamodeld */ = {
			isa = XCVersionGroup;
			children = (
				CC2242591D0E41CC007D5831 /* ItemStoreChallenge.xcdatamodel */,
			);
			currentVersion = CC2242591D0E41CC007D5831 /* ItemStoreChallenge.xcdatamodel */;
			path = ItemStoreChallenge.xcdatamodeld;
			sourceTree = "<group>";
			versionGroupType = wrapper.xcdatamodel;
		};
/* End XCVersionGroup section */
	};
	rootObject = CC2242461D0E41CC007D5831 /* Project object */;
}
